
Microsoft Visual Studio Solution File, Format Version 12.00
# Visual Studio Version 17
VisualStudioVersion = 17.4.33213.308
MinimumVisualStudioVersion = 10.0.40219.1
Project("{FAE04EC0-301F-11D3-BF4B-00C04F79EFBC}") = "Assignment", "Assignment\Assignment.csproj", "{1741AC2C-121C-4748-864B-04AD3361AA4D}"
EndProject
Global
	GlobalSection(SolutionConfigurationPlatforms) = preSolution
		Debug|Any CPU = Debug|Any CPU
		Release|Any CPU = Release|Any CPU
	EndGlobalSection
	GlobalSection(ProjectConfigurationPlatforms) = postSolution
		{1741AC2C-121C-4748-864B-04AD3361AA4D}.Debug|Any CPU.ActiveCfg = Debug|Any CPU
		{1741AC2C-121C-4748-864B-04AD3361AA4D}.Debug|Any CPU.Build.0 = Debug|Any CPU
		{1741AC2C-121C-4748-864B-04AD3361AA4D}.Release|Any CPU.ActiveCfg = Release|Any CPU
		{1741AC2C-121C-4748-864B-04AD3361AA4D}.Release|Any CPU.Build.0 = Release|Any CPU
	EndGlobalSection
	GlobalSection(SolutionProperties) = preSolution
		HideSolutionNode = FALSE
	EndGlobalSection
	GlobalSection(ExtensibilityGlobals) = postSolution
		SolutionGuid = {C9122999-FCED-405E-87A9-871163A76CF9}
	EndGlobalSection
EndGlobal
